
Microsoft Visual Studio Solution File, Format Version 12.00
# Visual Studio 15
VisualStudioVersion = 15.0.28307.572
MinimumVisualStudioVersion = 10.0.40219.1
Project("{FAE04EC0-301F-11D3-BF4B-00C04F79EFBC}") = "Ajuro.Code.Generator", "Ajuro.Code.Generator\Ajuro.Code.Generator.csproj", "{04FA73E9-BB79-4D8D-9F2E-280C60A50F7E}"
EndProject
Global
	GlobalSection(SolutionConfigurationPlatforms) = preSolution
		Debug|Any CPU = Debug|Any CPU
		Release|Any CPU = Release|Any CPU
	EndGlobalSection
	GlobalSection(ProjectConfigurationPlatforms) = postSolution
		{04FA73E9-BB79-4D8D-9F2E-280C60A50F7E}.Debug|Any CPU.ActiveCfg = Debug|Any CPU
		{04FA73E9-BB79-4D8D-9F2E-280C60A50F7E}.Debug|Any CPU.Build.0 = Debug|Any CPU
		{04FA73E9-BB79-4D8D-9F2E-280C60A50F7E}.Release|Any CPU.ActiveCfg = Release|Any CPU
		{04FA73E9-BB79-4D8D-9F2E-280C60A50F7E}.Release|Any CPU.Build.0 = Release|Any CPU
	EndGlobalSection
	GlobalSection(SolutionProperties) = preSolution
		HideSolutionNode = FALSE
	EndGlobalSection
	GlobalSection(ExtensibilityGlobals) = postSolution
		SolutionGuid = {F7C935E7-E43B-4F82-8515-F25B0387EF50}
	EndGlobalSection
EndGlobal
